// !$*UTF8*$!
{
	archiveVersion = 1;
	classes = {
	};
	objectVersion = 55;
	objects = {

/* Begin PBXBuildFile section */
		40185C0D2895B35F00750D06 /* WeekInfoItemTableViewCell.swift in Sources */ = {isa = PBXBuildFile; fileRef = 40185C0B2895B35F00750D06 /* WeekInfoItemTableViewCell.swift */; };
		40185C0E2895B35F00750D06 /* WeekInfoItemTableViewCell.xib in Resources */ = {isa = PBXBuildFile; fileRef = 40185C0C2895B35F00750D06 /* WeekInfoItemTableViewCell.xib */; };
		40185C112896AD6F00750D06 /* NetworkManager.swift in Sources */ = {isa = PBXBuildFile; fileRef = 40185C102896AD6F00750D06 /* NetworkManager.swift */; };
		40185C132896B01D00750D06 /* WeatherScreenViewModel.swift in Sources */ = {isa = PBXBuildFile; fileRef = 40185C122896B01D00750D06 /* WeatherScreenViewModel.swift */; };
		40185C152896B08300750D06 /* WeatherScreenNetworkService.swift in Sources */ = {isa = PBXBuildFile; fileRef = 40185C142896B08300750D06 /* WeatherScreenNetworkService.swift */; };
		40185C172897EB1300750D06 /* LocationManager.swift in Sources */ = {isa = PBXBuildFile; fileRef = 40185C162897EB1300750D06 /* LocationManager.swift */; };
		40185C1A2898057A00750D06 /* Helpers.swift in Sources */ = {isa = PBXBuildFile; fileRef = 40185C192898057A00750D06 /* Helpers.swift */; };
		40185C1F28986D2500750D06 /* HourItemCollectionViewCell.swift in Sources */ = {isa = PBXBuildFile; fileRef = 40185C1D28986D2500750D06 /* HourItemCollectionViewCell.swift */; };
		40185C2028986D2500750D06 /* HourItemCollectionViewCell.xib in Resources */ = {isa = PBXBuildFile; fileRef = 40185C1E28986D2500750D06 /* HourItemCollectionViewCell.xib */; };
		40185C222898768400750D06 /* Constans.swift in Sources */ = {isa = PBXBuildFile; fileRef = 40185C212898768400750D06 /* Constans.swift */; };
		4076069A289565DF00F4A9EB /* AppDelegate.swift in Sources */ = {isa = PBXBuildFile; fileRef = 40760699289565DF00F4A9EB /* AppDelegate.swift */; };
		4076069C289565DF00F4A9EB /* SceneDelegate.swift in Sources */ = {isa = PBXBuildFile; fileRef = 4076069B289565DF00F4A9EB /* SceneDelegate.swift */; };
		407606A3289565E500F4A9EB /* Assets.xcassets in Resources */ = {isa = PBXBuildFile; fileRef = 407606A2289565E500F4A9EB /* Assets.xcassets */; };
		407606A6289565E500F4A9EB /* LaunchScreen.storyboard in Resources */ = {isa = PBXBuildFile; fileRef = 407606A4289565E500F4A9EB /* LaunchScreen.storyboard */; };
		407606B128956F7200F4A9EB /* WeatherScreenViewController.swift in Sources */ = {isa = PBXBuildFile; fileRef = 407606AF28956F7200F4A9EB /* WeatherScreenViewController.swift */; };
		407606B228956F7200F4A9EB /* WeatherScreenViewController.xib in Resources */ = {isa = PBXBuildFile; fileRef = 407606B028956F7200F4A9EB /* WeatherScreenViewController.xib */; };
/* End PBXBuildFile section */

/* Begin PBXFileReference section */
		40185C0B2895B35F00750D06 /* WeekInfoItemTableViewCell.swift */ = {isa = PBXFileReference; lastKnownFileType = sourcecode.swift; path = WeekInfoItemTableViewCell.swift; sourceTree = "<group>"; };
		40185C0C2895B35F00750D06 /* WeekInfoItemTableViewCell.xib */ = {isa = PBXFileReference; lastKnownFileType = file.xib; path = WeekInfoItemTableViewCell.xib; sourceTree = "<group>"; };
		40185C102896AD6F00750D06 /* NetworkManager.swift */ = {isa = PBXFileReference; lastKnownFileType = sourcecode.swift; path = NetworkManager.swift; sourceTree = "<group>"; };
		40185C122896B01D00750D06 /* WeatherScreenViewModel.swift */ = {isa = PBXFileReference; lastKnownFileType = sourcecode.swift; path = WeatherScreenViewModel.swift; sourceTree = "<group>"; };
		40185C142896B08300750D06 /* WeatherScreenNetworkService.swift */ = {isa = PBXFileReference; lastKnownFileType = sourcecode.swift; path = WeatherScreenNetworkService.swift; sourceTree = "<group>"; };
		40185C162897EB1300750D06 /* LocationManager.swift */ = {isa = PBXFileReference; lastKnownFileType = sourcecode.swift; path = LocationManager.swift; sourceTree = "<group>"; };
		40185C192898057A00750D06 /* Helpers.swift */ = {isa = PBXFileReference; lastKnownFileType = sourcecode.swift; path = Helpers.swift; sourceTree = "<group>"; };
		40185C1D28986D2500750D06 /* HourItemCollectionViewCell.swift */ = {isa = PBXFileReference; lastKnownFileType = sourcecode.swift; path = HourItemCollectionViewCell.swift; sourceTree = "<group>"; };
		40185C1E28986D2500750D06 /* HourItemCollectionViewCell.xib */ = {isa = PBXFileReference; lastKnownFileType = file.xib; path = HourItemCollectionViewCell.xib; sourceTree = "<group>"; };
		40185C212898768400750D06 /* Constans.swift */ = {isa = PBXFileReference; lastKnownFileType = sourcecode.swift; path = Constans.swift; sourceTree = "<group>"; };
		40760696289565DF00F4A9EB /* weather.app */ = {isa = PBXFileReference; explicitFileType = wrapper.application; includeInIndex = 0; path = weather.app; sourceTree = BUILT_PRODUCTS_DIR; };
		40760699289565DF00F4A9EB /* AppDelegate.swift */ = {isa = PBXFileReference; lastKnownFileType = sourcecode.swift; path = AppDelegate.swift; sourceTree = "<group>"; };
		4076069B289565DF00F4A9EB /* SceneDelegate.swift */ = {isa = PBXFileReference; lastKnownFileType = sourcecode.swift; path = SceneDelegate.swift; sourceTree = "<group>"; };
		407606A2289565E500F4A9EB /* Assets.xcassets */ = {isa = PBXFileReference; lastKnownFileType = folder.assetcatalog; path = Assets.xcassets; sourceTree = "<group>"; };
		407606A5289565E500F4A9EB /* Base */ = {isa = PBXFileReference; lastKnownFileType = file.storyboard; name = Base; path = Base.lproj/LaunchScreen.storyboard; sourceTree = "<group>"; };
		407606A7289565E500F4A9EB /* Info.plist */ = {isa = PBXFileReference; lastKnownFileType = text.plist.xml; path = Info.plist; sourceTree = "<group>"; };
		407606AF28956F7200F4A9EB /* WeatherScreenViewController.swift */ = {isa = PBXFileReference; lastKnownFileType = sourcecode.swift; path = WeatherScreenViewController.swift; sourceTree = "<group>"; };
		407606B028956F7200F4A9EB /* WeatherScreenViewController.xib */ = {isa = PBXFileReference; lastKnownFileType = file.xib; path = WeatherScreenViewController.xib; sourceTree = "<group>"; };
/* End PBXFileReference section */

/* Begin PBXFrameworksBuildPhase section */
		40760693289565DF00F4A9EB /* Frameworks */ = {
			isa = PBXFrameworksBuildPhase;
			buildActionMask = 2147483647;
			files = (
			);
			runOnlyForDeploymentPostprocessing = 0;
		};
/* End PBXFrameworksBuildPhase section */

/* Begin PBXGroup section */
		40185C0F2896AD5700750D06 /* Managers */ = {
			isa = PBXGroup;
			children = (
				40185C102896AD6F00750D06 /* NetworkManager.swift */,
				40185C162897EB1300750D06 /* LocationManager.swift */,
			);
			path = Managers;
			sourceTree = "<group>";
		};
		40185C182898056000750D06 /* Helpers+Extentions */ = {
			isa = PBXGroup;
			children = (
				40185C192898057A00750D06 /* Helpers.swift */,
				40185C212898768400750D06 /* Constans.swift */,
			);
			path = "Helpers+Extentions";
			sourceTree = "<group>";
		};
		4076068D289565DF00F4A9EB = {
			isa = PBXGroup;
			children = (
				40760698289565DF00F4A9EB /* weather */,
				40760697289565DF00F4A9EB /* Products */,
			);
			sourceTree = "<group>";
		};
		40760697289565DF00F4A9EB /* Products */ = {
			isa = PBXGroup;
			children = (
				40760696289565DF00F4A9EB /* weather.app */,
			);
			name = Products;
			sourceTree = "<group>";
		};
		40760698289565DF00F4A9EB /* weather */ = {
			isa = PBXGroup;
			children = (
				40185C182898056000750D06 /* Helpers+Extentions */,
				40185C0F2896AD5700750D06 /* Managers */,
				407606B32895731300F4A9EB /* UI */,
				40760699289565DF00F4A9EB /* AppDelegate.swift */,
				4076069B289565DF00F4A9EB /* SceneDelegate.swift */,
				407606A2289565E500F4A9EB /* Assets.xcassets */,
				407606A4289565E500F4A9EB /* LaunchScreen.storyboard */,
				407606A7289565E500F4A9EB /* Info.plist */,
			);
			path = weather;
			sourceTree = "<group>";
		};
		407606B32895731300F4A9EB /* UI */ = {
			isa = PBXGroup;
			children = (
				407606B42895731D00F4A9EB /* WeatherScreen */,
			);
			path = UI;
			sourceTree = "<group>";
		};
		407606B42895731D00F4A9EB /* WeatherScreen */ = {
			isa = PBXGroup;
			children = (
				407606B52895733500F4A9EB /* Views */,
				407606AF28956F7200F4A9EB /* WeatherScreenViewController.swift */,
				407606B028956F7200F4A9EB /* WeatherScreenViewController.xib */,
				40185C122896B01D00750D06 /* WeatherScreenViewModel.swift */,
				40185C142896B08300750D06 /* WeatherScreenNetworkService.swift */,
			);
			path = WeatherScreen;
			sourceTree = "<group>";
		};
		407606B52895733500F4A9EB /* Views */ = {
			isa = PBXGroup;
			children = (
				40185C0B2895B35F00750D06 /* WeekInfoItemTableViewCell.swift */,
				40185C0C2895B35F00750D06 /* WeekInfoItemTableViewCell.xib */,
				40185C1D28986D2500750D06 /* HourItemCollectionViewCell.swift */,
				40185C1E28986D2500750D06 /* HourItemCollectionViewCell.xib */,
			);
			path = Views;
			sourceTree = "<group>";
		};
/* End PBXGroup section */

/* Begin PBXNativeTarget section */
		40760695289565DF00F4A9EB /* weather */ = {
			isa = PBXNativeTarget;
			buildConfigurationList = 407606AA289565E500F4A9EB /* Build configuration list for PBXNativeTarget "weather" */;
			buildPhases = (
				40760692289565DF00F4A9EB /* Sources */,
				40760693289565DF00F4A9EB /* Frameworks */,
				40760694289565DF00F4A9EB /* Resources */,
			);
			buildRules = (
			);
			dependencies = (
			);
			name = weather;
			productName = weather;
			productReference = 40760696289565DF00F4A9EB /* weather.app */;
			productType = "com.apple.product-type.application";
		};
/* End PBXNativeTarget section */

/* Begin PBXProject section */
		4076068E289565DF00F4A9EB /* Project object */ = {
			isa = PBXProject;
			attributes = {
				BuildIndependentTargetsInParallel = 1;
				LastSwiftUpdateCheck = 1340;
				LastUpgradeCheck = 1340;
				TargetAttributes = {
					40760695289565DF00F4A9EB = {
						CreatedOnToolsVersion = 13.4.1;
					};
				};
			};
			buildConfigurationList = 40760691289565DF00F4A9EB /* Build configuration list for PBXProject "weather" */;
			compatibilityVersion = "Xcode 13.0";
			developmentRegion = en;
			hasScannedForEncodings = 0;
			knownRegions = (
				en,
				Base,
			);
			mainGroup = 4076068D289565DF00F4A9EB;
			productRefGroup = 40760697289565DF00F4A9EB /* Products */;
			projectDirPath = "";
			projectRoot = "";
			targets = (
				40760695289565DF00F4A9EB /* weather */,
			);
		};
/* End PBXProject section */

/* Begin PBXResourcesBuildPhase section */
		40760694289565DF00F4A9EB /* Resources */ = {
			isa = PBXResourcesBuildPhase;
			buildActionMask = 2147483647;
			files = (
				407606A6289565E500F4A9EB /* LaunchScreen.storyboard in Resources */,
				407606A3289565E500F4A9EB /* Assets.xcassets in Resources */,
				407606B228956F7200F4A9EB /* WeatherScreenViewController.xib in Resources */,
				40185C0E2895B35F00750D06 /* WeekInfoItemTableViewCell.xib in Resources */,
				40185C2028986D2500750D06 /* HourItemCollectionViewCell.xib in Resources */,
			);
			runOnlyForDeploymentPostprocessing = 0;
		};
/* End PBXResourcesBuildPhase section */

/* Begin PBXSourcesBuildPhase section */
		40760692289565DF00F4A9EB /* Sources */ = {
			isa = PBXSourcesBuildPhase;
			buildActionMask = 2147483647;
			files = (
				40185C112896AD6F00750D06 /* NetworkManager.swift in Sources */,
				4076069A289565DF00F4A9EB /* AppDelegate.swift in Sources */,
				4076069C289565DF00F4A9EB /* SceneDelegate.swift in Sources */,
				40185C0D2895B35F00750D06 /* WeekInfoItemTableViewCell.swift in Sources */,
				40185C1F28986D2500750D06 /* HourItemCollectionViewCell.swift in Sources */,
				40185C222898768400750D06 /* Constans.swift in Sources */,
				40185C1A2898057A00750D06 /* Helpers.swift in Sources */,
				40185C152896B08300750D06 /* WeatherScreenNetworkService.swift in Sources */,
				407606B128956F7200F4A9EB /* WeatherScreenViewController.swift in Sources */,
				40185C132896B01D00750D06 /* WeatherScreenViewModel.swift in Sources */,
				40185C172897EB1300750D06 /* LocationManager.swift in Sources */,
			);
			runOnlyForDeploymentPostprocessing = 0;
		};
/* End PBXSourcesBuildPhase section */

/* Begin PBXVariantGroup section */
		407606A4289565E500F4A9EB /* LaunchScreen.storyboard */ = {
			isa = PBXVariantGroup;
			children = (
				407606A5289565E500F4A9EB /* Base */,
			);
			name = LaunchScreen.storyboard;
			sourceTree = "<group>";
		};
/* End PBXVariantGroup section */

/* Begin XCBuildConfiguration section */
		407606A8289565E500F4A9EB /* Debug */ = {
			isa = XCBuildConfiguration;
			buildSettings = {
				ALWAYS_SEARCH_USER_PATHS = NO;
				CLANG_ANALYZER_NONNULL = YES;
				CLANG_ANALYZER_NUMBER_OBJECT_CONVERSION = YES_AGGRESSIVE;
				CLANG_CXX_LANGUAGE_STANDARD = "gnu++17";
				CLANG_ENABLE_MODULES = YES;
				CLANG_ENABLE_OBJC_ARC = YES;
				CLANG_ENABLE_OBJC_WEAK = YES;
				CLANG_WARN_BLOCK_CAPTURE_AUTORELEASING = YES;
				CLANG_WARN_BOOL_CONVERSION = YES;
				CLANG_WARN_COMMA = YES;
				CLANG_WARN_CONSTANT_CONVERSION = YES;
				CLANG_WARN_DEPRECATED_OBJC_IMPLEMENTATIONS = YES;
				CLANG_WARN_DIRECT_OBJC_ISA_USAGE = YES_ERROR;
				CLANG_WARN_DOCUMENTATION_COMMENTS = YES;
				CLANG_WARN_EMPTY_BODY = YES;
				CLANG_WARN_ENUM_CONVERSION = YES;
				CLANG_WARN_INFINITE_RECURSION = YES;
				CLANG_WARN_INT_CONVERSION = YES;
				CLANG_WARN_NON_LITERAL_NULL_CONVERSION = YES;
				CLANG_WARN_OBJC_IMPLICIT_RETAIN_SELF = YES;
				CLANG_WARN_OBJC_LITERAL_CONVERSION = YES;
				CLANG_WARN_OBJC_ROOT_CLASS = YES_ERROR;
				CLANG_WARN_QUOTED_INCLUDE_IN_FRAMEWORK_HEADER = YES;
				CLANG_WARN_RANGE_LOOP_ANALYSIS = YES;
				CLANG_WARN_STRICT_PROTOTYPES = YES;
				CLANG_WARN_SUSPICIOUS_MOVE = YES;
				CLANG_WARN_UNGUARDED_AVAILABILITY = YES_AGGRESSIVE;
				CLANG_WARN_UNREACHABLE_CODE = YES;
				CLANG_WARN__DUPLICATE_METHOD_MATCH = YES;
				COPY_PHASE_STRIP = NO;
				DEBUG_INFORMATION_FORMAT = dwarf;
				ENABLE_STRICT_OBJC_MSGSEND = YES;
				ENABLE_TESTABILITY = YES;
				GCC_C_LANGUAGE_STANDARD = gnu11;
				GCC_DYNAMIC_NO_PIC = NO;
				GCC_NO_COMMON_BLOCKS = YES;
				GCC_OPTIMIZATION_LEVEL = 0;
				GCC_PREPROCESSOR_DEFINITIONS = (
					"DEBUG=1",
					"$(inherited)",
				);
				GCC_WARN_64_TO_32_BIT_CONVERSION = YES;
				GCC_WARN_ABOUT_RETURN_TYPE = YES_ERROR;
				GCC_WARN_UNDECLARED_SELECTOR = YES;
				GCC_WARN_UNINITIALIZED_AUTOS = YES_AGGRESSIVE;
				GCC_WARN_UNUSED_FUNCTION = YES;
				GCC_WARN_UNUSED_VARIABLE = YES;
				IPHONEOS_DEPLOYMENT_TARGET = 15.5;
				MTL_ENABLE_DEBUG_INFO = INCLUDE_SOURCE;
				MTL_FAST_MATH = YES;
				ONLY_ACTIVE_ARCH = YES;
				SDKROOT = iphoneos;
				SWIFT_ACTIVE_COMPILATION_CONDITIONS = DEBUG;
				SWIFT_OPTIMIZATION_LEVEL = "-Onone";
			};
			name = Debug;
		};
		407606A9289565E500F4A9EB /* Release */ = {
			isa = XCBuildConfiguration;
			buildSettings = {
				ALWAYS_SEARCH_USER_PATHS = NO;
				CLANG_ANALYZER_NONNULL = YES;
				CLANG_ANALYZER_NUMBER_OBJECT_CONVERSION = YES_AGGRESSIVE;
				CLANG_CXX_LANGUAGE_STANDARD = "gnu++17";
				CLANG_ENABLE_MODULES = YES;
				CLANG_ENABLE_OBJC_ARC = YES;
				CLANG_ENABLE_OBJC_WEAK = YES;
				CLANG_WARN_BLOCK_CAPTURE_AUTORELEASING = YES;
				CLANG_WARN_BOOL_CONVERSION = YES;
				CLANG_WARN_COMMA = YES;
				CLANG_WARN_CONSTANT_CONVERSION = YES;
				CLANG_WARN_DEPRECATED_OBJC_IMPLEMENTATIONS = YES;
				CLANG_WARN_DIRECT_OBJC_ISA_USAGE = YES_ERROR;
				CLANG_WARN_DOCUMENTATION_COMMENTS = YES;
				CLANG_WARN_EMPTY_BODY = YES;
				CLANG_WARN_ENUM_CONVERSION = YES;
				CLANG_WARN_INFINITE_RECURSION = YES;
				CLANG_WARN_INT_CONVERSION = YES;
				CLANG_WARN_NON_LITERAL_NULL_CONVERSION = YES;
				CLANG_WARN_OBJC_IMPLICIT_RETAIN_SELF = YES;
				CLANG_WARN_OBJC_LITERAL_CONVERSION = YES;
				CLANG_WARN_OBJC_ROOT_CLASS = YES_ERROR;
				CLANG_WARN_QUOTED_INCLUDE_IN_FRAMEWORK_HEADER = YES;
				CLANG_WARN_RANGE_LOOP_ANALYSIS = YES;
				CLANG_WARN_STRICT_PROTOTYPES = YES;
				CLANG_WARN_SUSPICIOUS_MOVE = YES;
				CLANG_WARN_UNGUARDED_AVAILABILITY = YES_AGGRESSIVE;
				CLANG_WARN_UNREACHABLE_CODE = YES;
				CLANG_WARN__DUPLICATE_METHOD_MATCH = YES;
				COPY_PHASE_STRIP = NO;
				DEBUG_INFORMATION_FORMAT = "dwarf-with-dsym";
				ENABLE_NS_ASSERTIONS = NO;
				ENABLE_STRICT_OBJC_MSGSEND = YES;
				GCC_C_LANGUAGE_STANDARD = gnu11;
				GCC_NO_COMMON_BLOCKS = YES;
				GCC_WARN_64_TO_32_BIT_CONVERSION = YES;
				GCC_WARN_ABOUT_RETURN_TYPE = YES_ERROR;
				GCC_WARN_UNDECLARED_SELECTOR = YES;
				GCC_WARN_UNINITIALIZED_AUTOS = YES_AGGRESSIVE;
				GCC_WARN_UNUSED_FUNCTION = YES;
				GCC_WARN_UNUSED_VARIABLE = YES;
				IPHONEOS_DEPLOYMENT_TARGET = 15.5;
				MTL_ENABLE_DEBUG_INFO = NO;
				MTL_FAST_MATH = YES;
				SDKROOT = iphoneos;
				SWIFT_COMPILATION_MODE = wholemodule;
				SWIFT_OPTIMIZATION_LEVEL = "-O";
				VALIDATE_PRODUCT = YES;
			};
			name = Release;
		};
		407606AB289565E500F4A9EB /* Debug */ = {
			isa = XCBuildConfiguration;
			buildSettings = {
				ASSETCATALOG_COMPILER_APPICON_NAME = AppIcon;
				ASSETCATALOG_COMPILER_GLOBAL_ACCENT_COLOR_NAME = AccentColor;
				CODE_SIGN_STYLE = Automatic;
				CURRENT_PROJECT_VERSION = 1;
				DEVELOPMENT_TEAM = ZYUXM4FPKS;
				GENERATE_INFOPLIST_FILE = YES;
				INFOPLIST_FILE = weather/Info.plist;
				INFOPLIST_KEY_NSLocationAlwaysAndWhenInUseUsageDescription = "to get current coords";
				INFOPLIST_KEY_NSLocationWhenInUseUsageDescription = "to get current location";
				INFOPLIST_KEY_UIApplicationSupportsIndirectInputEvents = YES;
				INFOPLIST_KEY_UILaunchStoryboardName = LaunchScreen;
				INFOPLIST_KEY_UISupportedInterfaceOrientations_iPad = "UIInterfaceOrientationPortrait UIInterfaceOrientationPortraitUpsideDown UIInterfaceOrientationLandscapeLeft UIInterfaceOrientationLandscapeRight";
				INFOPLIST_KEY_UISupportedInterfaceOrientations_iPhone = "UIInterfaceOrientationPortrait UIInterfaceOrientationLandscapeLeft UIInterfaceOrientationLandscapeRight";
				LD_RUNPATH_SEARCH_PATHS = (
					"$(inherited)",
					"@executable_path/Frameworks",
				);
				MARKETING_VERSION = 1.0;
				PRODUCT_BUNDLE_IDENTIFIER = stakanchik.weather;
				PRODUCT_NAME = "$(TARGET_NAME)";
				SWIFT_EMIT_LOC_STRINGS = YES;
				SWIFT_VERSION = 5.0;
				TARGETED_DEVICE_FAMILY = "1,2";
			};
			name = Debug;
		};
		407606AC289565E500F4A9EB /* Release */ = {
			isa = XCBuildConfiguration;
			buildSettings = {
				ASSETCATALOG_COMPILER_APPICON_NAME = AppIcon;
				ASSETCATALOG_COMPILER_GLOBAL_ACCENT_COLOR_NAME = AccentColor;
				CODE_SIGN_STYLE = Automatic;
				CURRENT_PROJECT_VERSION = 1;
				DEVELOPMENT_TEAM = ZYUXM4FPKS;
				GENERATE_INFOPLIST_FILE = YES;
				INFOPLIST_FILE = weather/Info.plist;
				INFOPLIST_KEY_NSLocationAlwaysAndWhenInUseUsageDescription = "to get current coords";
				INFOPLIST_KEY_NSLocationWhenInUseUsageDescription = "to get current location";
				INFOPLIST_KEY_UIApplicationSupportsIndirectInputEvents = YES;
				INFOPLIST_KEY_UILaunchStoryboardName = LaunchScreen;
				INFOPLIST_KEY_UISupportedInterfaceOrientations_iPad = "UIInterfaceOrientationPortrait UIInterfaceOrientationPortraitUpsideDown UIInterfaceOrientationLandscapeLeft UIInterfaceOrientationLandscapeRight";
				INFOPLIST_KEY_UISupportedInterfaceOrientations_iPhone = "UIInterfaceOrientationPortrait UIInterfaceOrientationLandscapeLeft UIInterfaceOrientationLandscapeRight";
				LD_RUNPATH_SEARCH_PATHS = (
					"$(inherited)",
					"@executable_path/Frameworks",
				);
				MARKETING_VERSION = 1.0;
				PRODUCT_BUNDLE_IDENTIFIER = stakanchik.weather;
				PRODUCT_NAME = "$(TARGET_NAME)";
				SWIFT_EMIT_LOC_STRINGS = YES;
				SWIFT_VERSION = 5.0;
				TARGETED_DEVICE_FAMILY = "1,2";
			};
			name = Release;
		};
/* End XCBuildConfiguration section */

/* Begin XCConfigurationList section */
		40760691289565DF00F4A9EB /* Build configuration list for PBXProject "weather" */ = {
			isa = XCConfigurationList;
			buildConfigurations = (
				407606A8289565E500F4A9EB /* Debug */,
				407606A9289565E500F4A9EB /* Release */,
			);
			defaultConfigurationIsVisible = 0;
			defaultConfigurationName = Release;
		};
		407606AA289565E500F4A9EB /* Build configuration list for PBXNativeTarget "weather" */ = {
			isa = XCConfigurationList;
			buildConfigurations = (
				407606AB289565E500F4A9EB /* Debug */,
				407606AC289565E500F4A9EB /* Release */,
			);
			defaultConfigurationIsVisible = 0;
			defaultConfigurationName = Release;
		};
/* End XCConfigurationList section */
	};
	rootObject = 4076068E289565DF00F4A9EB /* Project object */;
}
